
Microsoft Visual Studio Solution File, Format Version 12.00
# Visual Studio Version 17
VisualStudioVersion = 17.7.34221.43
MinimumVisualStudioVersion = 10.0.40219.1
Project("{9A19103F-16F7-4668-BE54-9A1E7A4F7556}") = "FlightDocsSystem", "FlightDocsSystem\FlightDocsSystem.csproj", "{540E2F10-7BA5-4076-AB3C-4BB6BEB2C957}"
EndProject
Global
	GlobalSection(SolutionConfigurationPlatforms) = preSolution
		Debug|Any CPU = Debug|Any CPU
		Release|Any CPU = Release|Any CPU
	EndGlobalSection
	GlobalSection(ProjectConfigurationPlatforms) = postSolution
		{540E2F10-7BA5-4076-AB3C-4BB6BEB2C957}.Debug|Any CPU.ActiveCfg = Debug|Any CPU
		{540E2F10-7BA5-4076-AB3C-4BB6BEB2C957}.Debug|Any CPU.Build.0 = Debug|Any CPU
		{540E2F10-7BA5-4076-AB3C-4BB6BEB2C957}.Release|Any CPU.ActiveCfg = Release|Any CPU
		{540E2F10-7BA5-4076-AB3C-4BB6BEB2C957}.Release|Any CPU.Build.0 = Release|Any CPU
	EndGlobalSection
	GlobalSection(SolutionProperties) = preSolution
		HideSolutionNode = FALSE
	EndGlobalSection
	GlobalSection(ExtensibilityGlobals) = postSolution
		SolutionGuid = {4B7771F8-577C-4EFC-B310-E9897461D89C}
	EndGlobalSection
EndGlobal
